
Microsoft Visual Studio Solution File, Format Version 12.00
# Visual Studio Version 16
VisualStudioVersion = 16.0.29728.190
MinimumVisualStudioVersion = 10.0.40219.1
Project("{9A19103F-16F7-4668-BE54-9A1E7A4F7556}") = "BinaryTree", "Fundamentals\BinaryTree\BinaryTree.csproj", "{C0270477-55E4-4750-BD29-389682E6B145}"
EndProject
Project("{9A19103F-16F7-4668-BE54-9A1E7A4F7556}") = "MaxHeap", "Fundamentals\MaxHeap\MaxHeap.csproj", "{2F544470-6C1F-433A-A13E-96EB4DB5DDBA}"
EndProject
Project("{9A19103F-16F7-4668-BE54-9A1E7A4F7556}") = "PriorityQueue", "Fundamentals\PriorityQueue\PriorityQueue.csproj", "{1630394D-D031-4615-AE4B-B56CA463EA96}"
EndProject
Project("{9A19103F-16F7-4668-BE54-9A1E7A4F7556}") = "BinarySearchTree", "Fundamentals\BinarySearchTree\BinarySearchTree.csproj", "{E0FC52AD-28F9-498E-90E5-69606933BDED}"
EndProject
Project("{9A19103F-16F7-4668-BE54-9A1E7A4F7556}") = "Common", "Fundamentals\Common\Common.csproj", "{B1B3D912-90F8-4ADD-9AB0-F7747DAEDB2E}"
EndProject
Project("{2150E333-8FDC-42A3-9474-1A3956D46DE8}") = "Fundamentals", "Fundamentals", "{AB4259F5-8EC7-43AE-A604-23B803AD45FF}"
EndProject
Project("{2150E333-8FDC-42A3-9474-1A3956D46DE8}") = "Advanced", "Advanced", "{72B55619-A52E-491C-8E4A-F189F303FBF5}"
EndProject
Project("{FAE04EC0-301F-11D3-BF4B-00C04F79EFBC}") = "AVL", "Advanced\AVL\AVL.csproj", "{ED4AC1C2-7C16-4E6C-AE28-50B56CA37155}"
EndProject
Global
	GlobalSection(SolutionConfigurationPlatforms) = preSolution
		Debug|Any CPU = Debug|Any CPU
		Release|Any CPU = Release|Any CPU
	EndGlobalSection
	GlobalSection(ProjectConfigurationPlatforms) = postSolution
		{C0270477-55E4-4750-BD29-389682E6B145}.Debug|Any CPU.ActiveCfg = Debug|Any CPU
		{C0270477-55E4-4750-BD29-389682E6B145}.Debug|Any CPU.Build.0 = Debug|Any CPU
		{C0270477-55E4-4750-BD29-389682E6B145}.Release|Any CPU.ActiveCfg = Release|Any CPU
		{C0270477-55E4-4750-BD29-389682E6B145}.Release|Any CPU.Build.0 = Release|Any CPU
		{2F544470-6C1F-433A-A13E-96EB4DB5DDBA}.Debug|Any CPU.ActiveCfg = Debug|Any CPU
		{2F544470-6C1F-433A-A13E-96EB4DB5DDBA}.Debug|Any CPU.Build.0 = Debug|Any CPU
		{2F544470-6C1F-433A-A13E-96EB4DB5DDBA}.Release|Any CPU.ActiveCfg = Release|Any CPU
		{2F544470-6C1F-433A-A13E-96EB4DB5DDBA}.Release|Any CPU.Build.0 = Release|Any CPU
		{1630394D-D031-4615-AE4B-B56CA463EA96}.Debug|Any CPU.ActiveCfg = Debug|Any CPU
		{1630394D-D031-4615-AE4B-B56CA463EA96}.Debug|Any CPU.Build.0 = Debug|Any CPU
		{1630394D-D031-4615-AE4B-B56CA463EA96}.Release|Any CPU.ActiveCfg = Release|Any CPU
		{1630394D-D031-4615-AE4B-B56CA463EA96}.Release|Any CPU.Build.0 = Release|Any CPU
		{E0FC52AD-28F9-498E-90E5-69606933BDED}.Debug|Any CPU.ActiveCfg = Debug|Any CPU
		{E0FC52AD-28F9-498E-90E5-69606933BDED}.Debug|Any CPU.Build.0 = Debug|Any CPU
		{E0FC52AD-28F9-498E-90E5-69606933BDED}.Release|Any CPU.ActiveCfg = Release|Any CPU
		{E0FC52AD-28F9-498E-90E5-69606933BDED}.Release|Any CPU.Build.0 = Release|Any CPU
		{B1B3D912-90F8-4ADD-9AB0-F7747DAEDB2E}.Debug|Any CPU.ActiveCfg = Debug|Any CPU
		{B1B3D912-90F8-4ADD-9AB0-F7747DAEDB2E}.Debug|Any CPU.Build.0 = Debug|Any CPU
		{B1B3D912-90F8-4ADD-9AB0-F7747DAEDB2E}.Release|Any CPU.ActiveCfg = Release|Any CPU
		{B1B3D912-90F8-4ADD-9AB0-F7747DAEDB2E}.Release|Any CPU.Build.0 = Release|Any CPU
		{ED4AC1C2-7C16-4E6C-AE28-50B56CA37155}.Debug|Any CPU.ActiveCfg = Debug|Any CPU
		{ED4AC1C2-7C16-4E6C-AE28-50B56CA37155}.Debug|Any CPU.Build.0 = Debug|Any CPU
		{ED4AC1C2-7C16-4E6C-AE28-50B56CA37155}.Release|Any CPU.ActiveCfg = Release|Any CPU
		{ED4AC1C2-7C16-4E6C-AE28-50B56CA37155}.Release|Any CPU.Build.0 = Release|Any CPU
	EndGlobalSection
	GlobalSection(SolutionProperties) = preSolution
		HideSolutionNode = FALSE
	EndGlobalSection
	GlobalSection(NestedProjects) = preSolution
		{C0270477-55E4-4750-BD29-389682E6B145} = {AB4259F5-8EC7-43AE-A604-23B803AD45FF}
		{2F544470-6C1F-433A-A13E-96EB4DB5DDBA} = {AB4259F5-8EC7-43AE-A604-23B803AD45FF}
		{1630394D-D031-4615-AE4B-B56CA463EA96} = {AB4259F5-8EC7-43AE-A604-23B803AD45FF}
		{E0FC52AD-28F9-498E-90E5-69606933BDED} = {AB4259F5-8EC7-43AE-A604-23B803AD45FF}
		{B1B3D912-90F8-4ADD-9AB0-F7747DAEDB2E} = {AB4259F5-8EC7-43AE-A604-23B803AD45FF}
		{ED4AC1C2-7C16-4E6C-AE28-50B56CA37155} = {72B55619-A52E-491C-8E4A-F189F303FBF5}
	EndGlobalSection
	GlobalSection(ExtensibilityGlobals) = postSolution
		SolutionGuid = {8865C252-266C-4163-9C8D-DC4607698607}
	EndGlobalSection
EndGlobal
